
Microsoft Visual Studio Solution File, Format Version 12.00
# Visual Studio Version 17
VisualStudioVersion = 17.0.32112.339
MinimumVisualStudioVersion = 10.0.40219.1
Project("{FAE04EC0-301F-11D3-BF4B-00C04F79EFBC}") = "SuPlazaPOS35", "SuPlazaPOS35\SuPlazaPOS35.csproj", "{721930D5-A2E8-4204-A363-74992D3761BC}"
EndProject
Project("{FAE04EC0-301F-11D3-BF4B-00C04F79EFBC}") = "DsiCodeTech.Repository", "DsiCodeTech.Repository\DsiCodeTech.Repository.csproj", "{BF8C6CBB-F93E-4759-B376-6A59EA4A7D5C}"
EndProject
Project("{FAE04EC0-301F-11D3-BF4B-00C04F79EFBC}") = "DsiCodeTech.Business", "DsiCodeTech.Business\DsiCodeTech.Business.csproj", "{5B141605-59E9-4D68-8C40-D9AE46F37732}"
EndProject
Project("{FAE04EC0-301F-11D3-BF4B-00C04F79EFBC}") = "DsiCodeTech.Common", "Common\DsiCodeTech.Common\DsiCodeTech.Common.csproj", "{E84392F3-1B09-4621-8CF0-3309D2526A9C}"
EndProject
Project("{FAE04EC0-301F-11D3-BF4B-00C04F79EFBC}") = "DsiCodetech.RabbitMQ", "DsiCodetech.RabbitMQ\DsiCodetech.RabbitMQ.csproj", "{3E64D4CB-6B20-42E4-BCC2-5B091E1D68CE}"
EndProject
Global
	GlobalSection(SolutionConfigurationPlatforms) = preSolution
		Debug|Any CPU = Debug|Any CPU
		Release|Any CPU = Release|Any CPU
	EndGlobalSection
	GlobalSection(ProjectConfigurationPlatforms) = postSolution
		{721930D5-A2E8-4204-A363-74992D3761BC}.Debug|Any CPU.ActiveCfg = Debug|Any CPU
		{721930D5-A2E8-4204-A363-74992D3761BC}.Debug|Any CPU.Build.0 = Debug|Any CPU
		{721930D5-A2E8-4204-A363-74992D3761BC}.Release|Any CPU.ActiveCfg = Release|Any CPU
		{721930D5-A2E8-4204-A363-74992D3761BC}.Release|Any CPU.Build.0 = Release|Any CPU
		{BF8C6CBB-F93E-4759-B376-6A59EA4A7D5C}.Debug|Any CPU.ActiveCfg = Debug|Any CPU
		{BF8C6CBB-F93E-4759-B376-6A59EA4A7D5C}.Debug|Any CPU.Build.0 = Debug|Any CPU
		{BF8C6CBB-F93E-4759-B376-6A59EA4A7D5C}.Release|Any CPU.ActiveCfg = Release|Any CPU
		{BF8C6CBB-F93E-4759-B376-6A59EA4A7D5C}.Release|Any CPU.Build.0 = Release|Any CPU
		{5B141605-59E9-4D68-8C40-D9AE46F37732}.Debug|Any CPU.ActiveCfg = Debug|Any CPU
		{5B141605-59E9-4D68-8C40-D9AE46F37732}.Debug|Any CPU.Build.0 = Debug|Any CPU
		{5B141605-59E9-4D68-8C40-D9AE46F37732}.Release|Any CPU.ActiveCfg = Release|Any CPU
		{5B141605-59E9-4D68-8C40-D9AE46F37732}.Release|Any CPU.Build.0 = Release|Any CPU
		{E84392F3-1B09-4621-8CF0-3309D2526A9C}.Debug|Any CPU.ActiveCfg = Debug|Any CPU
		{E84392F3-1B09-4621-8CF0-3309D2526A9C}.Debug|Any CPU.Build.0 = Debug|Any CPU
		{E84392F3-1B09-4621-8CF0-3309D2526A9C}.Release|Any CPU.ActiveCfg = Release|Any CPU
		{E84392F3-1B09-4621-8CF0-3309D2526A9C}.Release|Any CPU.Build.0 = Release|Any CPU
		{3E64D4CB-6B20-42E4-BCC2-5B091E1D68CE}.Debug|Any CPU.ActiveCfg = Debug|Any CPU
		{3E64D4CB-6B20-42E4-BCC2-5B091E1D68CE}.Debug|Any CPU.Build.0 = Debug|Any CPU
		{3E64D4CB-6B20-42E4-BCC2-5B091E1D68CE}.Release|Any CPU.ActiveCfg = Release|Any CPU
		{3E64D4CB-6B20-42E4-BCC2-5B091E1D68CE}.Release|Any CPU.Build.0 = Release|Any CPU
	EndGlobalSection
	GlobalSection(SolutionProperties) = preSolution
		HideSolutionNode = FALSE
	EndGlobalSection
	GlobalSection(ExtensibilityGlobals) = postSolution
		SolutionGuid = {0D2B718B-F381-4872-B897-2B0236FAF4E9}
	EndGlobalSection
EndGlobal
